{
  "version": 4,
  "terraform_version": "1.8.5",
  "serial": 17,
  "lineage": "a6028d04-bd4d-d4cb-6e4c-f9180376dd3a",
  "outputs": {},
  "resources": [
    {
      "mode": "managed",
      "type": "aws_instance",
      "name": "example_instance",
      "provider": "provider[\"registry.terraform.io/hashicorp/aws\"]",
      "instances": [
        {
          "schema_version": 1,
          "attributes": {
            "ami": "ami-09e67e426f25ce0d7",
            "arn": "arn:aws:ec2:us-east-1:967249780461:instance/i-065ec684cf2f69a63",
            "associate_public_ip_address": true,
            "availability_zone": "us-east-1d",
            "capacity_reservation_specification": [
              {
                "capacity_reservation_preference": "open",
                "capacity_reservation_target": []
              }
            ],
            "cpu_core_count": 1,
            "cpu_options": [
              {
                "amd_sev_snp": "",
                "core_count": 1,
                "threads_per_core": 1
              }
            ],
            "cpu_threads_per_core": 1,
            "credit_specification": [
              {
                "cpu_credits": "standard"
              }
            ],
            "disable_api_stop": false,
            "disable_api_termination": false,
            "ebs_block_device": [],
            "ebs_optimized": false,
            "enclave_options": [
              {
                "enabled": false
              }
            ],
            "ephemeral_block_device": [],
            "get_password_data": false,
            "hibernation": false,
            "host_id": "",
            "host_resource_group_arn": null,
            "iam_instance_profile": "",
            "id": "i-065ec684cf2f69a63",
            "instance_initiated_shutdown_behavior": "stop",
            "instance_lifecycle": "",
            "instance_market_options": [],
            "instance_state": "running",
            "instance_type": "t2.micro",
            "ipv6_address_count": 0,
            "ipv6_addresses": [],
            "key_name": "satrun",
            "launch_template": [],
            "maintenance_options": [
              {
                "auto_recovery": "default"
              }
            ],
            "metadata_options": [
              {
                "http_endpoint": "enabled",
                "http_protocol_ipv6": "disabled",
                "http_put_response_hop_limit": 1,
                "http_tokens": "optional",
                "instance_metadata_tags": "disabled"
              }
            ],
            "monitoring": false,
            "network_interface": [],
            "outpost_arn": "",
            "password_data": "",
            "placement_group": "",
            "placement_partition_number": 0,
            "primary_network_interface_id": "eni-018ef7b1b121d91e5",
            "private_dns": "ip-172-31-21-233.ec2.internal",
            "private_dns_name_options": [
              {
                "enable_resource_name_dns_a_record": false,
                "enable_resource_name_dns_aaaa_record": false,
                "hostname_type": "ip-name"
              }
            ],
            "private_ip": "172.31.21.233",
            "public_dns": "ec2-100-27-197-232.compute-1.amazonaws.com",
            "public_ip": "100.27.197.232",
            "root_block_device": [
              {
                "delete_on_termination": true,
                "device_name": "/dev/sda1",
                "encrypted": false,
                "iops": 100,
                "kms_key_id": "",
                "tags": {},
                "tags_all": {},
                "throughput": 0,
                "volume_id": "vol-04bff3a0ba8e018c8",
                "volume_size": 8,
                "volume_type": "gp2"
              }
            ],
            "secondary_private_ips": [],
            "security_groups": [
              "satrun-security-group"
            ],
            "source_dest_check": true,
            "spot_instance_request_id": "",
            "subnet_id": "subnet-0543ba9169b2c6f71",
            "tags": {
              "Name": "satrun-instance"
            },
            "tags_all": {
              "Name": "satrun-instance"
            },
            "tenancy": "default",
            "timeouts": null,
            "user_data": null,
            "user_data_base64": null,
            "user_data_replace_on_change": false,
            "volume_tags": null,
            "vpc_security_group_ids": [
              "sg-051f8ed170830913f"
            ]
          },
          "sensitive_attributes": [],
          "private": "eyJlMmJmYjczMC1lY2FhLTExZTYtOGY4OC0zNDM2M2JjN2M0YzAiOnsiY3JlYXRlIjo2MDAwMDAwMDAwMDAsImRlbGV0ZSI6MTIwMDAwMDAwMDAwMCwicmVhZCI6OTAwMDAwMDAwMDAwLCJ1cGRhdGUiOjYwMDAwMDAwMDAwMH0sInNjaGVtYV92ZXJzaW9uIjoiMSJ9",
          "dependencies": [
            "aws_key_pair.example_keypair",
            "aws_security_group.example_security_group",
            "tls_private_key.example_keypair"
          ]
        }
      ]
    },
    {
      "mode": "managed",
      "type": "aws_key_pair",
      "name": "example_keypair",
      "provider": "provider[\"registry.terraform.io/hashicorp/aws\"]",
      "instances": [
        {
          "schema_version": 1,
          "attributes": {
            "arn": "arn:aws:ec2:us-east-1:967249780461:key-pair/satrun",
            "fingerprint": "37:27:7c:a4:ff:bf:a0:50:22:57:c6:b2:eb:e8:59:13",
            "id": "satrun",
            "key_name": "satrun",
            "key_name_prefix": "",
            "key_pair_id": "key-09d377f29f9755606",
            "key_type": "rsa",
            "public_key": "ssh-rsa AAAAB3NzaC1yc2EAAAADAQABAAABAQDEU6XSrY72di0fvWFHtLeIkmws6hodEBeqh1nNfSJkpfedB7nJ3Kv3jyMg7QaGT1oaZ8+Z2HMTcL9hWLGOlCcDgBS7rEI2PPjQ4/1Z1FprTHmUvGS0q5o8SutLM2VU4v7VVXoRmxLVu36QlS/JG5Ww4MNU+NH2X+uGhwxQXMbOpv7ITRdMu6YkW6uvPSsXusD59Yby+xJqG1mNWbrNaPZySNsBbU1fbPrF9Sy6g6WmQParh9S3yLB/DzKO46BKBADxnnY2SO8THgJ+uRseRfUgd57/6BJvptJpmIcusquTqpnAdWx8ihN/HkdJVJdn+Nm9rTguyTnqAhEXG+Q0au8R",
            "tags": null,
            "tags_all": {}
          },
          "sensitive_attributes": [],
          "private": "eyJzY2hlbWFfdmVyc2lvbiI6IjEifQ==",
          "dependencies": [
            "tls_private_key.example_keypair"
          ]
        }
      ]
    },
    {
      "mode": "managed",
      "type": "aws_security_group",
      "name": "example_security_group",
      "provider": "provider[\"registry.terraform.io/hashicorp/aws\"]",
      "instances": [
        {
          "schema_version": 1,
          "attributes": {
            "arn": "arn:aws:ec2:us-east-1:967249780461:security-group/sg-051f8ed170830913f",
            "description": "Example Security Group",
            "egress": [
              {
                "cidr_blocks": [
                  "0.0.0.0/0"
                ],
                "description": "",
                "from_port": 0,
                "ipv6_cidr_blocks": [],
                "prefix_list_ids": [],
                "protocol": "-1",
                "security_groups": [],
                "self": false,
                "to_port": 0
              }
            ],
            "id": "sg-051f8ed170830913f",
            "ingress": [
              {
                "cidr_blocks": [
                  "0.0.0.0/0"
                ],
                "description": "",
                "from_port": 22,
                "ipv6_cidr_blocks": [],
                "prefix_list_ids": [],
                "protocol": "tcp",
                "security_groups": [],
                "self": false,
                "to_port": 22
              }
            ],
            "name": "satrun-security-group",
            "name_prefix": "",
            "owner_id": "967249780461",
            "revoke_rules_on_delete": false,
            "tags": null,
            "tags_all": {},
            "timeouts": null,
            "vpc_id": "vpc-0cfd9c80935ee1c45"
          },
          "sensitive_attributes": [],
          "private": "eyJlMmJmYjczMC1lY2FhLTExZTYtOGY4OC0zNDM2M2JjN2M0YzAiOnsiY3JlYXRlIjo2MDAwMDAwMDAwMDAsImRlbGV0ZSI6OTAwMDAwMDAwMDAwfSwic2NoZW1hX3ZlcnNpb24iOiIxIn0="
        }
      ]
    },
    {
      "mode": "managed",
      "type": "local_file",
      "name": "private_key_file",
      "provider": "provider[\"registry.terraform.io/hashicorp/local\"]",
      "instances": [
        {
          "schema_version": 0,
          "attributes": {
            "content": "-----BEGIN RSA PRIVATE KEY-----\nMIIEpAIBAAKCAQEAxFOl0q2O9nYtH71hR7S3iJJsLOoaHRAXqodZzX0iZKX3nQe5\nydyr948jIO0Ghk9aGmfPmdhzE3C/YVixjpQnA4AUu6xCNjz40OP9WdRaa0x5lLxk\ntKuaPErrSzNlVOL+1VV6EZsS1bt+kJUvyRuVsODDVPjR9l/rhocMUFzGzqb+yE0X\nTLumJFurrz0rF7rA+fWG8vsSahtZjVm6zWj2ckjbAW1NX2z6xfUsuoOlpkD2q4fU\nt8iwfw8yjuOgSgQA8Z52NkjvEx4CfrkbHkX1IHee/+gSb6bSaZiHLrKrk6qZwHVs\nfIoTfx5HSVSXZ/jZva04Lsk56gIRFxvkNGrvEQIDAQABAoIBAG9qKQjOhftIRYNl\nrfdLj3xp3AoBMKCdqVCVT1lWUlZb+ZGb+Mud99md2Ymt+a3vCmtBzoa4V1YI/hL4\niosneJx760g2Eb1GDM4/FGAOKuIJnFXUNDJz0Cu3OKCMokzyJTxcLdIf9yhkJwdW\nIrA2f1TJuRBXxI/VD4xgx5Qzkn9jNxZJ5QrUCiagx+yjNemIOMRGp3NLyiQltkqG\nWcpSLvxgKQegO4e6wL/dWuQPHUAd/G/1iPSPrptPhC90OfGR2HJR2hAYuQ6n1OLQ\nMd/7wmUe+TbqaxvBwAtDk0V7yQhQVVQbdaj31VAWpEn54yLwwkjSMaU7RnZsScHb\npRbUP4ECgYEA7D37jwnd+1fFeY5E393RFqtOBZbRQigj2aSq88z144aZc/22AL7V\nmEbSvU9QRPwxOnAqmLp8QbqRsA27/OdEA0IWOLVb6FA4yBflcreSr8LpJ1Mcv4XI\nQvWryL5nVdkti29DxY6hcZtV6A36LEz2n6jnsbvoFtMhGdHZZAiedx0CgYEA1L8Q\niCxyXXf8Wjv8S8ye0LZKsbG2hhWx71wtrIK1FqzOXfw36S3YsHOVcsSdChtBCu9O\nFcJt1fCcWZkM6/o1mOMOylkYIoTGeiZBQtvla1rLN191BatICjbxNtwehY1hX8ig\nNi33nz9GRuN7JbCKQg4F0yi6LiVXk3MJg9fssYUCgYBDHqkmTqtfCeT1UFKJOEB7\nrFgShnMV1Mm6wGpBsm36IvfeWKspMw8EoLqnRq2LrAtgixXPJsy+7/8MghpzFFHi\nixg9LGnca052qzNpkHaAsWQE5Dw6vgvT2nDgLBi372hdQVOEAa4k1PlnYPE/PO6l\nFhweB0E9mubAqzqUjU5YkQKBgQCSp1cFF+aKaiDKLxmfQuGjrFXXIlNZIPF0uA1A\nIyYkCGGFxkzgb9s036iA4eoDQoBWwloIg+vlE6Uj2m5e6S8zQio68KnDedW79Ez+\ngskmdQMrG6F2k/joGbG0CI79r1UVix5t2sgcvah7S2rjs0vLdxEq26NkFhfFrAI+\nIYWnZQKBgQDRV0YpKfHo45fRnApNEGTiqPNZdQstymoJrAzFXkPy8h5UkJQuysGF\nDfix+vxoKDAOxXZoqKG5P33HXCdFhNgoS5F/A8gH5zvbK8nyFZO4936HC2I21Rv1\nxtoUOtP4jftwVjG9iUBg+VhHeY5VbtKtO0qGC34zJfjqrHfmTR+imw==\n-----END RSA PRIVATE KEY-----\n",
            "content_base64": null,
            "content_base64sha256": "yieJppTo44E5K5Y3Az9baGoZDYXL2XSQ65dRgF2shmc=",
            "content_base64sha512": "H1N/Ot781du2OSmLaje0i4ocUedChiUdQTZhqiYojEMYgMbQjR2ka4Mf4hvWWvdU+Xz/IYp5aN2m2d/U/ImAlg==",
            "content_md5": "9bfb653c93db075983291c532133af90",
            "content_sha1": "80f40a2199c1f061abe36189060c280f661e6aa5",
            "content_sha256": "ca2789a694e8e381392b9637033f5b686a190d85cbd97490eb9751805dac8667",
            "content_sha512": "1f537f3adefcd5dbb639298b6a37b48b8a1c51e74286251d413661aa26288c431880c6d08d1da46b831fe21bd65af754f97cff218a7968dda6d9dfd4fc898096",
            "directory_permission": "0777",
            "file_permission": "0777",
            "filename": "satrun.pem",
            "id": "80f40a2199c1f061abe36189060c280f661e6aa5",
            "sensitive_content": null,
            "source": null
          },
          "sensitive_attributes": [
            [
              {
                "type": "get_attr",
                "value": "sensitive_content"
              }
            ],
            [
              {
                "type": "get_attr",
                "value": "content"
              }
            ]
          ],
          "dependencies": [
            "tls_private_key.example_keypair"
          ]
        }
      ]
    },
    {
      "mode": "managed",
      "type": "tls_private_key",
      "name": "example_keypair",
      "provider": "provider[\"registry.terraform.io/hashicorp/tls\"]",
      "instances": [
        {
          "schema_version": 1,
          "attributes": {
            "algorithm": "RSA",
            "ecdsa_curve": "P224",
            "id": "43d0762b34b50937203601bc2a6492872d50f2d0",
            "private_key_openssh": "-----BEGIN OPENSSH PRIVATE KEY-----\nb3BlbnNzaC1rZXktdjEAAAAABG5vbmUAAAAEbm9uZQAAAAAAAAABAAABFwAAAAdz\nc2gtcnNhAAAAAwEAAQAAAQEAxFOl0q2O9nYtH71hR7S3iJJsLOoaHRAXqodZzX0i\nZKX3nQe5ydyr948jIO0Ghk9aGmfPmdhzE3C/YVixjpQnA4AUu6xCNjz40OP9WdRa\na0x5lLxktKuaPErrSzNlVOL+1VV6EZsS1bt+kJUvyRuVsODDVPjR9l/rhocMUFzG\nzqb+yE0XTLumJFurrz0rF7rA+fWG8vsSahtZjVm6zWj2ckjbAW1NX2z6xfUsuoOl\npkD2q4fUt8iwfw8yjuOgSgQA8Z52NkjvEx4CfrkbHkX1IHee/+gSb6bSaZiHLrKr\nk6qZwHVsfIoTfx5HSVSXZ/jZva04Lsk56gIRFxvkNGrvEQAAA7ij6lMyo+pTMgAA\nAAdzc2gtcnNhAAABAQDEU6XSrY72di0fvWFHtLeIkmws6hodEBeqh1nNfSJkpfed\nB7nJ3Kv3jyMg7QaGT1oaZ8+Z2HMTcL9hWLGOlCcDgBS7rEI2PPjQ4/1Z1FprTHmU\nvGS0q5o8SutLM2VU4v7VVXoRmxLVu36QlS/JG5Ww4MNU+NH2X+uGhwxQXMbOpv7I\nTRdMu6YkW6uvPSsXusD59Yby+xJqG1mNWbrNaPZySNsBbU1fbPrF9Sy6g6WmQPar\nh9S3yLB/DzKO46BKBADxnnY2SO8THgJ+uRseRfUgd57/6BJvptJpmIcusquTqpnA\ndWx8ihN/HkdJVJdn+Nm9rTguyTnqAhEXG+Q0au8RAAAAAwEAAQAAAQBvaikIzoX7\nSEWDZa33S498adwKATCgnalQlU9ZVlJWW/mRm/jLnffZndmJrfmt7wprQc6GuFdW\nCP4S+IqLJ3ice+tINhG9RgzOPxRgDiriCZxV1DQyc9ArtzigjKJM8iU8XC3SH/co\nZCcHViKwNn9UybkQV8SP1Q+MYMeUM5J/YzcWSeUK1AomoMfsozXpiDjERqdzS8ok\nJbZKhlnKUi78YCkHoDuHusC/3VrkDx1AHfxv9Yj0j66bT4QvdDnxkdhyUdoQGLkO\np9Ti0DHf+8JlHvk26msbwcALQ5NFe8kIUFVUG3Wo99VQFqRJ+eMi8MJI0jGlO0Z2\nbEnB26UW1D+BAAAAgQDRV0YpKfHo45fRnApNEGTiqPNZdQstymoJrAzFXkPy8h5U\nkJQuysGFDfix+vxoKDAOxXZoqKG5P33HXCdFhNgoS5F/A8gH5zvbK8nyFZO4936H\nC2I21Rv1xtoUOtP4jftwVjG9iUBg+VhHeY5VbtKtO0qGC34zJfjqrHfmTR+imwAA\nAIEA7D37jwnd+1fFeY5E393RFqtOBZbRQigj2aSq88z144aZc/22AL7VmEbSvU9Q\nRPwxOnAqmLp8QbqRsA27/OdEA0IWOLVb6FA4yBflcreSr8LpJ1Mcv4XIQvWryL5n\nVdkti29DxY6hcZtV6A36LEz2n6jnsbvoFtMhGdHZZAiedx0AAACBANS/EIgscl13\n/Fo7/EvMntC2SrGxtoYVse9cLayCtRaszl38N+kt2LBzlXLEnQobQQrvThXCbdXw\nnFmZDOv6NZjjDspZGCKExnomQULb5WtayzdfdQWrSAo28TbcHoWNYV/IoDYt958/\nRkbjeyWwikIOBdMoui4lV5NzCYPX7LGFAAAAAAEC\n-----END OPENSSH PRIVATE KEY-----\n",
            "private_key_pem": "-----BEGIN RSA PRIVATE KEY-----\nMIIEpAIBAAKCAQEAxFOl0q2O9nYtH71hR7S3iJJsLOoaHRAXqodZzX0iZKX3nQe5\nydyr948jIO0Ghk9aGmfPmdhzE3C/YVixjpQnA4AUu6xCNjz40OP9WdRaa0x5lLxk\ntKuaPErrSzNlVOL+1VV6EZsS1bt+kJUvyRuVsODDVPjR9l/rhocMUFzGzqb+yE0X\nTLumJFurrz0rF7rA+fWG8vsSahtZjVm6zWj2ckjbAW1NX2z6xfUsuoOlpkD2q4fU\nt8iwfw8yjuOgSgQA8Z52NkjvEx4CfrkbHkX1IHee/+gSb6bSaZiHLrKrk6qZwHVs\nfIoTfx5HSVSXZ/jZva04Lsk56gIRFxvkNGrvEQIDAQABAoIBAG9qKQjOhftIRYNl\nrfdLj3xp3AoBMKCdqVCVT1lWUlZb+ZGb+Mud99md2Ymt+a3vCmtBzoa4V1YI/hL4\niosneJx760g2Eb1GDM4/FGAOKuIJnFXUNDJz0Cu3OKCMokzyJTxcLdIf9yhkJwdW\nIrA2f1TJuRBXxI/VD4xgx5Qzkn9jNxZJ5QrUCiagx+yjNemIOMRGp3NLyiQltkqG\nWcpSLvxgKQegO4e6wL/dWuQPHUAd/G/1iPSPrptPhC90OfGR2HJR2hAYuQ6n1OLQ\nMd/7wmUe+TbqaxvBwAtDk0V7yQhQVVQbdaj31VAWpEn54yLwwkjSMaU7RnZsScHb\npRbUP4ECgYEA7D37jwnd+1fFeY5E393RFqtOBZbRQigj2aSq88z144aZc/22AL7V\nmEbSvU9QRPwxOnAqmLp8QbqRsA27/OdEA0IWOLVb6FA4yBflcreSr8LpJ1Mcv4XI\nQvWryL5nVdkti29DxY6hcZtV6A36LEz2n6jnsbvoFtMhGdHZZAiedx0CgYEA1L8Q\niCxyXXf8Wjv8S8ye0LZKsbG2hhWx71wtrIK1FqzOXfw36S3YsHOVcsSdChtBCu9O\nFcJt1fCcWZkM6/o1mOMOylkYIoTGeiZBQtvla1rLN191BatICjbxNtwehY1hX8ig\nNi33nz9GRuN7JbCKQg4F0yi6LiVXk3MJg9fssYUCgYBDHqkmTqtfCeT1UFKJOEB7\nrFgShnMV1Mm6wGpBsm36IvfeWKspMw8EoLqnRq2LrAtgixXPJsy+7/8MghpzFFHi\nixg9LGnca052qzNpkHaAsWQE5Dw6vgvT2nDgLBi372hdQVOEAa4k1PlnYPE/PO6l\nFhweB0E9mubAqzqUjU5YkQKBgQCSp1cFF+aKaiDKLxmfQuGjrFXXIlNZIPF0uA1A\nIyYkCGGFxkzgb9s036iA4eoDQoBWwloIg+vlE6Uj2m5e6S8zQio68KnDedW79Ez+\ngskmdQMrG6F2k/joGbG0CI79r1UVix5t2sgcvah7S2rjs0vLdxEq26NkFhfFrAI+\nIYWnZQKBgQDRV0YpKfHo45fRnApNEGTiqPNZdQstymoJrAzFXkPy8h5UkJQuysGF\nDfix+vxoKDAOxXZoqKG5P33HXCdFhNgoS5F/A8gH5zvbK8nyFZO4936HC2I21Rv1\nxtoUOtP4jftwVjG9iUBg+VhHeY5VbtKtO0qGC34zJfjqrHfmTR+imw==\n-----END RSA PRIVATE KEY-----\n",
            "private_key_pem_pkcs8": "-----BEGIN PRIVATE KEY-----\nMIIEvgIBADANBgkqhkiG9w0BAQEFAASCBKgwggSkAgEAAoIBAQDEU6XSrY72di0f\nvWFHtLeIkmws6hodEBeqh1nNfSJkpfedB7nJ3Kv3jyMg7QaGT1oaZ8+Z2HMTcL9h\nWLGOlCcDgBS7rEI2PPjQ4/1Z1FprTHmUvGS0q5o8SutLM2VU4v7VVXoRmxLVu36Q\nlS/JG5Ww4MNU+NH2X+uGhwxQXMbOpv7ITRdMu6YkW6uvPSsXusD59Yby+xJqG1mN\nWbrNaPZySNsBbU1fbPrF9Sy6g6WmQParh9S3yLB/DzKO46BKBADxnnY2SO8THgJ+\nuRseRfUgd57/6BJvptJpmIcusquTqpnAdWx8ihN/HkdJVJdn+Nm9rTguyTnqAhEX\nG+Q0au8RAgMBAAECggEAb2opCM6F+0hFg2Wt90uPfGncCgEwoJ2pUJVPWVZSVlv5\nkZv4y5332Z3Zia35re8Ka0HOhrhXVgj+EviKiyd4nHvrSDYRvUYMzj8UYA4q4gmc\nVdQ0MnPQK7c4oIyiTPIlPFwt0h/3KGQnB1YisDZ/VMm5EFfEj9UPjGDHlDOSf2M3\nFknlCtQKJqDH7KM16Yg4xEanc0vKJCW2SoZZylIu/GApB6A7h7rAv91a5A8dQB38\nb/WI9I+um0+EL3Q58ZHYclHaEBi5DqfU4tAx3/vCZR75NuprG8HAC0OTRXvJCFBV\nVBt1qPfVUBakSfnjIvDCSNIxpTtGdmxJwdulFtQ/gQKBgQDsPfuPCd37V8V5jkTf\n3dEWq04FltFCKCPZpKrzzPXjhplz/bYAvtWYRtK9T1BE/DE6cCqYunxBupGwDbv8\n50QDQhY4tVvoUDjIF+Vyt5KvwuknUxy/hchC9avIvmdV2S2Lb0PFjqFxm1XoDfos\nTPafqOexu+gW0yEZ0dlkCJ53HQKBgQDUvxCILHJdd/xaO/xLzJ7QtkqxsbaGFbHv\nXC2sgrUWrM5d/DfpLdiwc5VyxJ0KG0EK704Vwm3V8JxZmQzr+jWY4w7KWRgihMZ6\nJkFC2+VrWss3X3UFq0gKNvE23B6FjWFfyKA2LfefP0ZG43slsIpCDgXTKLouJVeT\ncwmD1+yxhQKBgEMeqSZOq18J5PVQUok4QHusWBKGcxXUybrAakGybfoi995Yqykz\nDwSguqdGrYusC2CLFc8mzL7v/wyCGnMUUeKLGD0sadxrTnarM2mQdoCxZATkPDq+\nC9PacOAsGLfvaF1BU4QBriTU+Wdg8T887qUWHB4HQT2a5sCrOpSNTliRAoGBAJKn\nVwUX5opqIMovGZ9C4aOsVdciU1kg8XS4DUAjJiQIYYXGTOBv2zTfqIDh6gNCgFbC\nWgiD6+UTpSPabl7pLzNCKjrwqcN51bv0TP6CySZ1AysboXaT+OgZsbQIjv2vVRWL\nHm3ayBy9qHtLauOzS8t3ESrbo2QWF8WsAj4hhadlAoGBANFXRikp8ejjl9GcCk0Q\nZOKo81l1Cy3KagmsDMVeQ/LyHlSQlC7KwYUN+LH6/GgoMA7Fdmioobk/fcdcJ0WE\n2ChLkX8DyAfnO9sryfIVk7j3focLYjbVG/XG2hQ60/iN+3BWMb2JQGD5WEd5jlVu\n0q07SoYLfjMl+Oqsd+ZNH6Kb\n-----END PRIVATE KEY-----\n",
            "public_key_fingerprint_md5": "89:e7:64:b7:8f:a2:39:df:81:87:2c:2b:00:e9:38:1c",
            "public_key_fingerprint_sha256": "SHA256:I8sRkPi8/VYV3rYi+BwZoK7SfIayR291IX1hcuAQyzo",
            "public_key_openssh": "ssh-rsa AAAAB3NzaC1yc2EAAAADAQABAAABAQDEU6XSrY72di0fvWFHtLeIkmws6hodEBeqh1nNfSJkpfedB7nJ3Kv3jyMg7QaGT1oaZ8+Z2HMTcL9hWLGOlCcDgBS7rEI2PPjQ4/1Z1FprTHmUvGS0q5o8SutLM2VU4v7VVXoRmxLVu36QlS/JG5Ww4MNU+NH2X+uGhwxQXMbOpv7ITRdMu6YkW6uvPSsXusD59Yby+xJqG1mNWbrNaPZySNsBbU1fbPrF9Sy6g6WmQParh9S3yLB/DzKO46BKBADxnnY2SO8THgJ+uRseRfUgd57/6BJvptJpmIcusquTqpnAdWx8ihN/HkdJVJdn+Nm9rTguyTnqAhEXG+Q0au8R\n",
            "public_key_pem": "-----BEGIN PUBLIC KEY-----\nMIIBIjANBgkqhkiG9w0BAQEFAAOCAQ8AMIIBCgKCAQEAxFOl0q2O9nYtH71hR7S3\niJJsLOoaHRAXqodZzX0iZKX3nQe5ydyr948jIO0Ghk9aGmfPmdhzE3C/YVixjpQn\nA4AUu6xCNjz40OP9WdRaa0x5lLxktKuaPErrSzNlVOL+1VV6EZsS1bt+kJUvyRuV\nsODDVPjR9l/rhocMUFzGzqb+yE0XTLumJFurrz0rF7rA+fWG8vsSahtZjVm6zWj2\nckjbAW1NX2z6xfUsuoOlpkD2q4fUt8iwfw8yjuOgSgQA8Z52NkjvEx4CfrkbHkX1\nIHee/+gSb6bSaZiHLrKrk6qZwHVsfIoTfx5HSVSXZ/jZva04Lsk56gIRFxvkNGrv\nEQIDAQAB\n-----END PUBLIC KEY-----\n",
            "rsa_bits": 2048
          },
          "sensitive_attributes": [
            [
              {
                "type": "get_attr",
                "value": "private_key_pem_pkcs8"
              }
            ],
            [
              {
                "type": "get_attr",
                "value": "private_key_openssh"
              }
            ],
            [
              {
                "type": "get_attr",
                "value": "private_key_pem"
              }
            ]
          ]
        }
      ]
    }
  ],
  "check_results": null
}
